
Microsoft Visual Studio Solution File, Format Version 12.00
# Visual Studio Version 16
VisualStudioVersion = 16.0.31019.35
MinimumVisualStudioVersion = 10.0.40219.1
Project("{8BC9CEB8-8B4A-11D0-8D11-00A0C91BC942}") = "SerialForWindowsTerminal", "SerialForWindowsTerminal.vcxproj", "{77CF1E9C-BB5B-4DD5-B18C-30D998DB8BC0}"
EndProject
Global
	GlobalSection(SolutionConfigurationPlatforms) = preSolution
		Debug|x64 = Debug|x64
		Debug|x86 = Debug|x86
		Release|x64 = Release|x64
		Release|x86 = Release|x86
	EndGlobalSection
	GlobalSection(ProjectConfigurationPlatforms) = postSolution
		{77CF1E9C-BB5B-4DD5-B18C-30D998DB8BC0}.Debug|x64.ActiveCfg = Debug|x64
		{77CF1E9C-BB5B-4DD5-B18C-30D998DB8BC0}.Debug|x64.Build.0 = Debug|x64
		{77CF1E9C-BB5B-4DD5-B18C-30D998DB8BC0}.Debug|x86.ActiveCfg = Debug|Win32
		{77CF1E9C-BB5B-4DD5-B18C-30D998DB8BC0}.Debug|x86.Build.0 = Debug|Win32
		{77CF1E9C-BB5B-4DD5-B18C-30D998DB8BC0}.Release|x64.ActiveCfg = Release|x64
		{77CF1E9C-BB5B-4DD5-B18C-30D998DB8BC0}.Release|x64.Build.0 = Release|x64
		{77CF1E9C-BB5B-4DD5-B18C-30D998DB8BC0}.Release|x86.ActiveCfg = Release|Win32
		{77CF1E9C-BB5B-4DD5-B18C-30D998DB8BC0}.Release|x86.Build.0 = Release|Win32
	EndGlobalSection
	GlobalSection(SolutionProperties) = preSolution
		HideSolutionNode = FALSE
	EndGlobalSection
	GlobalSection(ExtensibilityGlobals) = postSolution
		SolutionGuid = {7BB5C9B7-34E8-4227-B1EB-22E406EEF0EA}
	EndGlobalSection
EndGlobal
